// !$*UTF8*$!
{
	archiveVersion = 1;
	classes = {
	};
	objectVersion = 46;
	objects = {

/* Begin PBXAggregateTarget section */
		364BC6261B5E401800EAFCCE /* payLib */ = {
			isa = PBXAggregateTarget;
			buildConfigurationList = 364BC6271B5E401800EAFCCE /* Build configuration list for PBXAggregateTarget "payLib" */;
			buildPhases = (
				364BC62A1B5E402800EAFCCE /* ShellScript */,
			);
			dependencies = (
				36B9E3B81B686CFA00A875B5 /* PBXTargetDependency */,
			);
			name = payLib;
			productName = payLib;
		};
/* End PBXAggregateTarget section */

/* Begin PBXBuildFile section */
		3613DA741B622D2F001871C2 /* BCUtil.m in Sources */ = {isa = PBXBuildFile; fileRef = 3613DA721B622D2F001871C2 /* BCUtil.m */; };
		3613DA751B622D2F001871C2 /* BCUtil.h in Headers */ = {isa = PBXBuildFile; fileRef = 3613DA731B622D2F001871C2 /* BCUtil.h */; };
		3613DABD1B6232D9001871C2 /* main.m in Sources */ = {isa = PBXBuildFile; fileRef = 3613DABC1B6232D9001871C2 /* main.m */; };
		3613DAC01B6232D9001871C2 /* AppDelegate.m in Sources */ = {isa = PBXBuildFile; fileRef = 3613DABF1B6232D9001871C2 /* AppDelegate.m */; };
		3613DAC31B6232D9001871C2 /* ViewController.mm in Sources */ = {isa = PBXBuildFile; fileRef = 3613DAC21B6232D9001871C2 /* ViewController.mm */; };
		3613DAC81B6232D9001871C2 /* Images.xcassets in Resources */ = {isa = PBXBuildFile; fileRef = 3613DAC71B6232D9001871C2 /* Images.xcassets */; };
		3613DAE01B6233F2001871C2 /* BCUtil.m in Sources */ = {isa = PBXBuildFile; fileRef = 3613DA721B622D2F001871C2 /* BCUtil.m */; };
		3613DAE31B6233F2001871C2 /* BCPayCache.m in Sources */ = {isa = PBXBuildFile; fileRef = 364BC6BE1B5E830000EAFCCE /* BCPayCache.m */; };
		3613DAE61B6233F2001871C2 /* BCPayUtil.m in Sources */ = {isa = PBXBuildFile; fileRef = 364BC6501B5E458400EAFCCE /* BCPayUtil.m */; };
		3613DAF01B623562001871C2 /* AFHTTPRequestOperation.m in Sources */ = {isa = PBXBuildFile; fileRef = 364BC65D1B5E458400EAFCCE /* AFHTTPRequestOperation.m */; };
		3613DAF21B623562001871C2 /* AFHTTPRequestOperationManager.m in Sources */ = {isa = PBXBuildFile; fileRef = 364BC65F1B5E458400EAFCCE /* AFHTTPRequestOperationManager.m */; };
		3613DAF41B623562001871C2 /* AFHTTPSessionManager.m in Sources */ = {isa = PBXBuildFile; fileRef = 364BC6611B5E458400EAFCCE /* AFHTTPSessionManager.m */; };
		3613DAF71B623562001871C2 /* AFNetworkReachabilityManager.m in Sources */ = {isa = PBXBuildFile; fileRef = 364BC6641B5E458400EAFCCE /* AFNetworkReachabilityManager.m */; };
		3613DAF91B623562001871C2 /* AFSecurityPolicy.m in Sources */ = {isa = PBXBuildFile; fileRef = 364BC6661B5E458400EAFCCE /* AFSecurityPolicy.m */; };
		3613DAFB1B623562001871C2 /* AFURLConnectionOperation.m in Sources */ = {isa = PBXBuildFile; fileRef = 364BC6681B5E458400EAFCCE /* AFURLConnectionOperation.m */; };
		3613DAFD1B623562001871C2 /* AFURLRequestSerialization.m in Sources */ = {isa = PBXBuildFile; fileRef = 364BC66A1B5E458400EAFCCE /* AFURLRequestSerialization.m */; };
		3613DAFF1B623562001871C2 /* AFURLResponseSerialization.m in Sources */ = {isa = PBXBuildFile; fileRef = 364BC66C1B5E458400EAFCCE /* AFURLResponseSerialization.m */; };
		3613DB011B623562001871C2 /* AFURLSessionManager.m in Sources */ = {isa = PBXBuildFile; fileRef = 364BC66E1B5E458400EAFCCE /* AFURLSessionManager.m */; };
		3613DB041B6235A7001871C2 /* BCPaySDK.h in Headers */ = {isa = PBXBuildFile; fileRef = 364BC6581B5E458400EAFCCE /* BCPaySDK.h */; settings = {ATTRIBUTES = (Public, ); }; };
		3613DB061B6235CC001871C2 /* BCPaySDK.m in Sources */ = {isa = PBXBuildFile; fileRef = 364BC6591B5E458400EAFCCE /* BCPaySDK.m */; };
		3613DB0A1B623628001871C2 /* libc++.dylib in Frameworks */ = {isa = PBXBuildFile; fileRef = 364BC7131B5F886800EAFCCE /* libc++.dylib */; };
		3613DB0B1B623632001871C2 /* libsqlite3.dylib in Frameworks */ = {isa = PBXBuildFile; fileRef = 364BC7151B5F887400EAFCCE /* libsqlite3.dylib */; };
		3613DB0C1B62363C001871C2 /* libz.dylib in Frameworks */ = {isa = PBXBuildFile; fileRef = 364BC7171B5F888F00EAFCCE /* libz.dylib */; };
		3613DB0E1B623798001871C2 /* libUPPayPlugin.a in Frameworks */ = {isa = PBXBuildFile; fileRef = 3613DB0D1B623798001871C2 /* libUPPayPlugin.a */; };
		3613DB101B6237A7001871C2 /* libWeChatSDK.a in Frameworks */ = {isa = PBXBuildFile; fileRef = 3613DB0F1B6237A7001871C2 /* libWeChatSDK.a */; };
		3613DB121B6237B7001871C2 /* AlipaySDK.framework in Frameworks */ = {isa = PBXBuildFile; fileRef = 3613DB111B6237B7001871C2 /* AlipaySDK.framework */; };
		3613DB171B6240C9001871C2 /* Main.storyboard in Resources */ = {isa = PBXBuildFile; fileRef = 3613DB131B6240C9001871C2 /* Main.storyboard */; };
		364BC6921B5E458400EAFCCE /* BCPayUtil.h in Headers */ = {isa = PBXBuildFile; fileRef = 364BC64F1B5E458400EAFCCE /* BCPayUtil.h */; };
		364BC6931B5E458400EAFCCE /* BCPayUtil.m in Sources */ = {isa = PBXBuildFile; fileRef = 364BC6501B5E458400EAFCCE /* BCPayUtil.m */; };
		364BC69A1B5E458400EAFCCE /* BCPaySDK.h in Headers */ = {isa = PBXBuildFile; fileRef = 364BC6581B5E458400EAFCCE /* BCPaySDK.h */; settings = {ATTRIBUTES = (Public, ); }; };
		364BC69B1B5E458400EAFCCE /* BCPaySDK.m in Sources */ = {isa = PBXBuildFile; fileRef = 364BC6591B5E458400EAFCCE /* BCPaySDK.m */; };
		364BC69C1B5E458400EAFCCE /* AFHTTPRequestOperation.h in Headers */ = {isa = PBXBuildFile; fileRef = 364BC65C1B5E458400EAFCCE /* AFHTTPRequestOperation.h */; };
		364BC69E1B5E458400EAFCCE /* AFHTTPRequestOperationManager.h in Headers */ = {isa = PBXBuildFile; fileRef = 364BC65E1B5E458400EAFCCE /* AFHTTPRequestOperationManager.h */; };
		364BC6A01B5E458400EAFCCE /* AFHTTPSessionManager.h in Headers */ = {isa = PBXBuildFile; fileRef = 364BC6601B5E458400EAFCCE /* AFHTTPSessionManager.h */; };
		364BC6A21B5E458400EAFCCE /* AFNetworking.h in Headers */ = {isa = PBXBuildFile; fileRef = 364BC6621B5E458400EAFCCE /* AFNetworking.h */; };
		364BC6A31B5E458400EAFCCE /* AFNetworkReachabilityManager.h in Headers */ = {isa = PBXBuildFile; fileRef = 364BC6631B5E458400EAFCCE /* AFNetworkReachabilityManager.h */; };
		364BC6A51B5E458400EAFCCE /* AFSecurityPolicy.h in Headers */ = {isa = PBXBuildFile; fileRef = 364BC6651B5E458400EAFCCE /* AFSecurityPolicy.h */; };
		364BC6A71B5E458400EAFCCE /* AFURLConnectionOperation.h in Headers */ = {isa = PBXBuildFile; fileRef = 364BC6671B5E458400EAFCCE /* AFURLConnectionOperation.h */; };
		364BC6A91B5E458400EAFCCE /* AFURLRequestSerialization.h in Headers */ = {isa = PBXBuildFile; fileRef = 364BC6691B5E458400EAFCCE /* AFURLRequestSerialization.h */; };
		364BC6AB1B5E458400EAFCCE /* AFURLResponseSerialization.h in Headers */ = {isa = PBXBuildFile; fileRef = 364BC66B1B5E458400EAFCCE /* AFURLResponseSerialization.h */; };
		364BC6AD1B5E458400EAFCCE /* AFURLSessionManager.h in Headers */ = {isa = PBXBuildFile; fileRef = 364BC66D1B5E458400EAFCCE /* AFURLSessionManager.h */; };
		364BC6AF1B5E458500EAFCCE /* AlipaySDK.h in Headers */ = {isa = PBXBuildFile; fileRef = 364BC6701B5E458400EAFCCE /* AlipaySDK.h */; };
		364BC6B01B5E458500EAFCCE /* APayAuthInfo.h in Headers */ = {isa = PBXBuildFile; fileRef = 364BC6711B5E458400EAFCCE /* APayAuthInfo.h */; };
		364BC6B31B5E458500EAFCCE /* UPPayPlugin.h in Headers */ = {isa = PBXBuildFile; fileRef = 364BC6761B5E458400EAFCCE /* UPPayPlugin.h */; };
		364BC6B41B5E458500EAFCCE /* UPPayPluginDelegate.h in Headers */ = {isa = PBXBuildFile; fileRef = 364BC6771B5E458400EAFCCE /* UPPayPluginDelegate.h */; };
		364BC6B61B5E458500EAFCCE /* WXApi.h in Headers */ = {isa = PBXBuildFile; fileRef = 364BC67A1B5E458400EAFCCE /* WXApi.h */; };
		364BC6B71B5E458500EAFCCE /* WXApiObject.h in Headers */ = {isa = PBXBuildFile; fileRef = 364BC67B1B5E458400EAFCCE /* WXApiObject.h */; };
		364BC6BF1B5E830000EAFCCE /* BCPayCache.h in Headers */ = {isa = PBXBuildFile; fileRef = 364BC6BD1B5E830000EAFCCE /* BCPayCache.h */; };
		364BC6C01B5E830000EAFCCE /* BCPayCache.m in Sources */ = {isa = PBXBuildFile; fileRef = 364BC6BE1B5E830000EAFCCE /* BCPayCache.m */; };
		36732DD31B661C4300DE6227 /* GuideViewController.m in Sources */ = {isa = PBXBuildFile; fileRef = 36732DCF1B661C4300DE6227 /* GuideViewController.m */; };
		36732DD41B661C4300DE6227 /* QueryResultViewController.m in Sources */ = {isa = PBXBuildFile; fileRef = 36732DD01B661C4300DE6227 /* QueryResultViewController.m */; };
		36732DD51B661C4300DE6227 /* QueryResultViewController.h in Headers */ = {isa = PBXBuildFile; fileRef = 36732DD11B661C4300DE6227 /* QueryResultViewController.h */; };
		36732DD61B661C4300DE6227 /* GuideViewController.h in Headers */ = {isa = PBXBuildFile; fileRef = 36732DD21B661C4300DE6227 /* GuideViewController.h */; };
		36732DFD1B66293600DE6227 /* BCQueryBillResult.h in Headers */ = {isa = PBXBuildFile; fileRef = 36732DFB1B66293600DE6227 /* BCQueryBillResult.h */; };
		36732DFE1B66293600DE6227 /* BCQueryBillResult.m in Sources */ = {isa = PBXBuildFile; fileRef = 36732DFC1B66293600DE6227 /* BCQueryBillResult.m */; };
		36732E011B662A1600DE6227 /* BCQueryRefundResult.h in Headers */ = {isa = PBXBuildFile; fileRef = 36732DFF1B662A1600DE6227 /* BCQueryRefundResult.h */; };
		36732E021B662A1600DE6227 /* BCQueryRefundResult.m in Sources */ = {isa = PBXBuildFile; fileRef = 36732E001B662A1600DE6227 /* BCQueryRefundResult.m */; };
		36732E0A1B662C5F00DE6227 /* BCBaseResp.h in Headers */ = {isa = PBXBuildFile; fileRef = 36732E041B662C5F00DE6227 /* BCBaseResp.h */; };
		36732E0B1B662C5F00DE6227 /* BCQueryResp.h in Headers */ = {isa = PBXBuildFile; fileRef = 36732E051B662C5F00DE6227 /* BCQueryResp.h */; };
		36732E0C1B662C5F00DE6227 /* BCPayResp.h in Headers */ = {isa = PBXBuildFile; fileRef = 36732E061B662C5F00DE6227 /* BCPayResp.h */; };
		36732E0D1B662C5F00DE6227 /* BCQueryResp.m in Sources */ = {isa = PBXBuildFile; fileRef = 36732E071B662C5F00DE6227 /* BCQueryResp.m */; };
		36732E0E1B662C5F00DE6227 /* BCBaseResp.m in Sources */ = {isa = PBXBuildFile; fileRef = 36732E081B662C5F00DE6227 /* BCBaseResp.m */; };
		36732E0F1B662C5F00DE6227 /* BCPayResp.m in Sources */ = {isa = PBXBuildFile; fileRef = 36732E091B662C5F00DE6227 /* BCPayResp.m */; };
		36732E181B662CE100DE6227 /* BCPayReq.h in Headers */ = {isa = PBXBuildFile; fileRef = 36732E101B662CE100DE6227 /* BCPayReq.h */; };
		36732E191B662CE100DE6227 /* BCQueryReq.h in Headers */ = {isa = PBXBuildFile; fileRef = 36732E111B662CE100DE6227 /* BCQueryReq.h */; };
		36732E1A1B662CE100DE6227 /* BCQueryReq.m in Sources */ = {isa = PBXBuildFile; fileRef = 36732E121B662CE100DE6227 /* BCQueryReq.m */; };
		36732E1B1B662CE100DE6227 /* BCQueryRefundReq.m in Sources */ = {isa = PBXBuildFile; fileRef = 36732E131B662CE100DE6227 /* BCQueryRefundReq.m */; };
		36732E1C1B662CE100DE6227 /* BCBaseReq.h in Headers */ = {isa = PBXBuildFile; fileRef = 36732E141B662CE100DE6227 /* BCBaseReq.h */; };
		36732E1D1B662CE100DE6227 /* BCBaseReq.m in Sources */ = {isa = PBXBuildFile; fileRef = 36732E151B662CE100DE6227 /* BCBaseReq.m */; };
		36732E1E1B662CE100DE6227 /* BCPayReq.m in Sources */ = {isa = PBXBuildFile; fileRef = 36732E161B662CE100DE6227 /* BCPayReq.m */; };
		36732E1F1B662CE100DE6227 /* BCQueryRefundReq.h in Headers */ = {isa = PBXBuildFile; fileRef = 36732E171B662CE100DE6227 /* BCQueryRefundReq.h */; };
		36732E221B662D4300DE6227 /* BCBaseResult.h in Headers */ = {isa = PBXBuildFile; fileRef = 36732E201B662D4300DE6227 /* BCBaseResult.h */; };
		36732E231B662D4300DE6227 /* BCBaseResult.m in Sources */ = {isa = PBXBuildFile; fileRef = 36732E211B662D4300DE6227 /* BCBaseResult.m */; };
		36732E241B662F7200DE6227 /* BCBaseResult.m in Sources */ = {isa = PBXBuildFile; fileRef = 36732E211B662D4300DE6227 /* BCBaseResult.m */; };
		36732E251B662F7200DE6227 /* BCQueryBillResult.m in Sources */ = {isa = PBXBuildFile; fileRef = 36732DFC1B66293600DE6227 /* BCQueryBillResult.m */; };
		36732E261B662F7200DE6227 /* BCQueryRefundResult.m in Sources */ = {isa = PBXBuildFile; fileRef = 36732E001B662A1600DE6227 /* BCQueryRefundResult.m */; };
		36732E271B662F7200DE6227 /* BCQueryResp.m in Sources */ = {isa = PBXBuildFile; fileRef = 36732E071B662C5F00DE6227 /* BCQueryResp.m */; };
		36732E281B662F7200DE6227 /* BCBaseResp.m in Sources */ = {isa = PBXBuildFile; fileRef = 36732E081B662C5F00DE6227 /* BCBaseResp.m */; };
		36732E291B662F7200DE6227 /* BCPayResp.m in Sources */ = {isa = PBXBuildFile; fileRef = 36732E091B662C5F00DE6227 /* BCPayResp.m */; };
		36732E2A1B662F7200DE6227 /* BCBaseReq.m in Sources */ = {isa = PBXBuildFile; fileRef = 36732E151B662CE100DE6227 /* BCBaseReq.m */; };
		36732E2B1B662F7200DE6227 /* BCPayReq.m in Sources */ = {isa = PBXBuildFile; fileRef = 36732E161B662CE100DE6227 /* BCPayReq.m */; };
		36732E2C1B662F7200DE6227 /* BCQueryRefundReq.m in Sources */ = {isa = PBXBuildFile; fileRef = 36732E131B662CE100DE6227 /* BCQueryRefundReq.m */; };
		36732E2D1B662F7200DE6227 /* BCQueryReq.m in Sources */ = {isa = PBXBuildFile; fileRef = 36732E121B662CE100DE6227 /* BCQueryReq.m */; };
		36732E301B66311D00DE6227 /* BCRefundStatusReq.h in Headers */ = {isa = PBXBuildFile; fileRef = 36732E2E1B66311D00DE6227 /* BCRefundStatusReq.h */; };
		36732E311B66311D00DE6227 /* BCRefundStatusReq.m in Sources */ = {isa = PBXBuildFile; fileRef = 36732E2F1B66311D00DE6227 /* BCRefundStatusReq.m */; };
		36732E341B66384000DE6227 /* BCRefundStatusResp.h in Headers */ = {isa = PBXBuildFile; fileRef = 36732E321B66384000DE6227 /* BCRefundStatusResp.h */; };
		36732E351B66384000DE6227 /* BCRefundStatusResp.m in Sources */ = {isa = PBXBuildFile; fileRef = 36732E331B66384000DE6227 /* BCRefundStatusResp.m */; };
		36732E361B663A5600DE6227 /* BCRefundStatusResp.m in Sources */ = {isa = PBXBuildFile; fileRef = 36732E331B66384000DE6227 /* BCRefundStatusResp.m */; };
		36732E371B663A5600DE6227 /* BCRefundStatusReq.m in Sources */ = {isa = PBXBuildFile; fileRef = 36732E2F1B66311D00DE6227 /* BCRefundStatusReq.m */; };
		36B9E3B61B686C7400A875B5 /* BCPayObjects.h in Headers */ = {isa = PBXBuildFile; fileRef = 36732E031B662AC800DE6227 /* BCPayObjects.h */; settings = {ATTRIBUTES = (Public, ); }; };
/* End PBXBuildFile section */

/* Begin PBXContainerItemProxy section */
		36B9E3B71B686CFA00A875B5 /* PBXContainerItemProxy */ = {
			isa = PBXContainerItemProxy;
			containerPortal = 364BC5A11B5E32FD00EAFCCE /* Project object */;
			proxyType = 1;
			remoteGlobalIDString = 364BC5A81B5E32FD00EAFCCE;
			remoteInfo = BCPaySDK;
		};
/* End PBXContainerItemProxy section */

/* Begin PBXCopyFilesBuildPhase section */
		364BC5A71B5E32FD00EAFCCE /* CopyFiles */ = {
			isa = PBXCopyFilesBuildPhase;
			buildActionMask = 2147483647;
			dstPath = "include/$(PRODUCT_NAME)";
			dstSubfolderSpec = 16;
			files = (
			);
			runOnlyForDeploymentPostprocessing = 0;
		};
/* End PBXCopyFilesBuildPhase section */

/* Begin PBXFileReference section */
		3613DA721B622D2F001871C2 /* BCUtil.m */ = {isa = PBXFileReference; fileEncoding = 4; lastKnownFileType = sourcecode.c.objc; path = BCUtil.m; sourceTree = "<group>"; };
		3613DA731B622D2F001871C2 /* BCUtil.h */ = {isa = PBXFileReference; fileEncoding = 4; lastKnownFileType = sourcecode.c.h; path = BCUtil.h; sourceTree = "<group>"; };
		3613DAB81B6232D9001871C2 /* PayDemo.app */ = {isa = PBXFileReference; explicitFileType = wrapper.application; includeInIndex = 0; path = PayDemo.app; sourceTree = BUILT_PRODUCTS_DIR; };
		3613DABB1B6232D9001871C2 /* Info.plist */ = {isa = PBXFileReference; lastKnownFileType = text.plist.xml; path = Info.plist; sourceTree = "<group>"; };
		3613DABC1B6232D9001871C2 /* main.m */ = {isa = PBXFileReference; lastKnownFileType = sourcecode.c.objc; path = main.m; sourceTree = "<group>"; };
		3613DABE1B6232D9001871C2 /* AppDelegate.h */ = {isa = PBXFileReference; lastKnownFileType = sourcecode.c.h; path = AppDelegate.h; sourceTree = "<group>"; };
		3613DABF1B6232D9001871C2 /* AppDelegate.m */ = {isa = PBXFileReference; lastKnownFileType = sourcecode.c.objc; path = AppDelegate.m; sourceTree = "<group>"; };
		3613DAC11B6232D9001871C2 /* ViewController.h */ = {isa = PBXFileReference; lastKnownFileType = sourcecode.c.h; path = ViewController.h; sourceTree = "<group>"; };
		3613DAC21B6232D9001871C2 /* ViewController.mm */ = {isa = PBXFileReference; lastKnownFileType = sourcecode.cpp.objcpp; path = ViewController.mm; sourceTree = "<group>"; };
		3613DAC71B6232D9001871C2 /* Images.xcassets */ = {isa = PBXFileReference; lastKnownFileType = folder.assetcatalog; path = Images.xcassets; sourceTree = "<group>"; };
		3613DACA1B6232D9001871C2 /* Base */ = {isa = PBXFileReference; lastKnownFileType = file.xib; name = Base; path = Base.lproj/LaunchScreen.xib; sourceTree = "<group>"; };
		3613DB0D1B623798001871C2 /* libUPPayPlugin.a */ = {isa = PBXFileReference; lastKnownFileType = archive.ar; name = libUPPayPlugin.a; path = External/UnionPaySDK/libUPPayPlugin.a; sourceTree = "<group>"; };
		3613DB0F1B6237A7001871C2 /* libWeChatSDK.a */ = {isa = PBXFileReference; lastKnownFileType = archive.ar; name = libWeChatSDK.a; path = External/WeChatSDK/libWeChatSDK.a; sourceTree = "<group>"; };
		3613DB111B6237B7001871C2 /* AlipaySDK.framework */ = {isa = PBXFileReference; lastKnownFileType = wrapper.framework; name = AlipaySDK.framework; path = External/AliPaySDK/AlipaySDK.framework; sourceTree = "<group>"; };
		3613DB141B6240C9001871C2 /* Base */ = {isa = PBXFileReference; lastKnownFileType = file.storyboard; name = Base; path = PayDemo/Base.lproj/Main.storyboard; sourceTree = "<group>"; };
		364BC5A91B5E32FD00EAFCCE /* libBCPaySDK.a */ = {isa = PBXFileReference; explicitFileType = archive.ar; includeInIndex = 0; path = libBCPaySDK.a; sourceTree = BUILT_PRODUCTS_DIR; };
		364BC64F1B5E458400EAFCCE /* BCPayUtil.h */ = {isa = PBXFileReference; fileEncoding = 4; lastKnownFileType = sourcecode.c.h; path = BCPayUtil.h; sourceTree = "<group>"; };
		364BC6501B5E458400EAFCCE /* BCPayUtil.m */ = {isa = PBXFileReference; fileEncoding = 4; lastKnownFileType = sourcecode.c.objc; path = BCPayUtil.m; sourceTree = "<group>"; };
		364BC6581B5E458400EAFCCE /* BCPaySDK.h */ = {isa = PBXFileReference; fileEncoding = 4; lastKnownFileType = sourcecode.c.h; lineEnding = 0; path = BCPaySDK.h; sourceTree = "<group>"; };
		364BC6591B5E458400EAFCCE /* BCPaySDK.m */ = {isa = PBXFileReference; fileEncoding = 4; lastKnownFileType = sourcecode.c.objc; lineEnding = 0; path = BCPaySDK.m; sourceTree = "<group>"; xcLanguageSpecificationIdentifier = xcode.lang.objc; };
		364BC65C1B5E458400EAFCCE /* AFHTTPRequestOperation.h */ = {isa = PBXFileReference; fileEncoding = 4; lastKnownFileType = sourcecode.c.h; path = AFHTTPRequestOperation.h; sourceTree = "<group>"; };
		364BC65D1B5E458400EAFCCE /* AFHTTPRequestOperation.m */ = {isa = PBXFileReference; fileEncoding = 4; lastKnownFileType = sourcecode.c.objc; path = AFHTTPRequestOperation.m; sourceTree = "<group>"; };
		364BC65E1B5E458400EAFCCE /* AFHTTPRequestOperationManager.h */ = {isa = PBXFileReference; fileEncoding = 4; lastKnownFileType = sourcecode.c.h; path = AFHTTPRequestOperationManager.h; sourceTree = "<group>"; };
		364BC65F1B5E458400EAFCCE /* AFHTTPRequestOperationManager.m */ = {isa = PBXFileReference; fileEncoding = 4; lastKnownFileType = sourcecode.c.objc; path = AFHTTPRequestOperationManager.m; sourceTree = "<group>"; };
		364BC6601B5E458400EAFCCE /* AFHTTPSessionManager.h */ = {isa = PBXFileReference; fileEncoding = 4; lastKnownFileType = sourcecode.c.h; path = AFHTTPSessionManager.h; sourceTree = "<group>"; };
		364BC6611B5E458400EAFCCE /* AFHTTPSessionManager.m */ = {isa = PBXFileReference; fileEncoding = 4; lastKnownFileType = sourcecode.c.objc; path = AFHTTPSessionManager.m; sourceTree = "<group>"; };
		364BC6621B5E458400EAFCCE /* AFNetworking.h */ = {isa = PBXFileReference; fileEncoding = 4; lastKnownFileType = sourcecode.c.h; path = AFNetworking.h; sourceTree = "<group>"; };
		364BC6631B5E458400EAFCCE /* AFNetworkReachabilityManager.h */ = {isa = PBXFileReference; fileEncoding = 4; lastKnownFileType = sourcecode.c.h; path = AFNetworkReachabilityManager.h; sourceTree = "<group>"; };
		364BC6641B5E458400EAFCCE /* AFNetworkReachabilityManager.m */ = {isa = PBXFileReference; fileEncoding = 4; lastKnownFileType = sourcecode.c.objc; path = AFNetworkReachabilityManager.m; sourceTree = "<group>"; };
		364BC6651B5E458400EAFCCE /* AFSecurityPolicy.h */ = {isa = PBXFileReference; fileEncoding = 4; lastKnownFileType = sourcecode.c.h; path = AFSecurityPolicy.h; sourceTree = "<group>"; };
		364BC6661B5E458400EAFCCE /* AFSecurityPolicy.m */ = {isa = PBXFileReference; fileEncoding = 4; lastKnownFileType = sourcecode.c.objc; path = AFSecurityPolicy.m; sourceTree = "<group>"; };
		364BC6671B5E458400EAFCCE /* AFURLConnectionOperation.h */ = {isa = PBXFileReference; fileEncoding = 4; lastKnownFileType = sourcecode.c.h; path = AFURLConnectionOperation.h; sourceTree = "<group>"; };
		364BC6681B5E458400EAFCCE /* AFURLConnectionOperation.m */ = {isa = PBXFileReference; fileEncoding = 4; lastKnownFileType = sourcecode.c.objc; path = AFURLConnectionOperation.m; sourceTree = "<group>"; };
		364BC6691B5E458400EAFCCE /* AFURLRequestSerialization.h */ = {isa = PBXFileReference; fileEncoding = 4; lastKnownFileType = sourcecode.c.h; path = AFURLRequestSerialization.h; sourceTree = "<group>"; };
		364BC66A1B5E458400EAFCCE /* AFURLRequestSerialization.m */ = {isa = PBXFileReference; fileEncoding = 4; lastKnownFileType = sourcecode.c.objc; path = AFURLRequestSerialization.m; sourceTree = "<group>"; };
		364BC66B1B5E458400EAFCCE /* AFURLResponseSerialization.h */ = {isa = PBXFileReference; fileEncoding = 4; lastKnownFileType = sourcecode.c.h; path = AFURLResponseSerialization.h; sourceTree = "<group>"; };
		364BC66C1B5E458400EAFCCE /* AFURLResponseSerialization.m */ = {isa = PBXFileReference; fileEncoding = 4; lastKnownFileType = sourcecode.c.objc; path = AFURLResponseSerialization.m; sourceTree = "<group>"; };
		364BC66D1B5E458400EAFCCE /* AFURLSessionManager.h */ = {isa = PBXFileReference; fileEncoding = 4; lastKnownFileType = sourcecode.c.h; path = AFURLSessionManager.h; sourceTree = "<group>"; };
		364BC66E1B5E458400EAFCCE /* AFURLSessionManager.m */ = {isa = PBXFileReference; fileEncoding = 4; lastKnownFileType = sourcecode.c.objc; path = AFURLSessionManager.m; sourceTree = "<group>"; };
		364BC6701B5E458400EAFCCE /* AlipaySDK.h */ = {isa = PBXFileReference; fileEncoding = 4; lastKnownFileType = sourcecode.c.h; path = AlipaySDK.h; sourceTree = "<group>"; };
		364BC6711B5E458400EAFCCE /* APayAuthInfo.h */ = {isa = PBXFileReference; fileEncoding = 4; lastKnownFileType = sourcecode.c.h; path = APayAuthInfo.h; sourceTree = "<group>"; };
		364BC6761B5E458400EAFCCE /* UPPayPlugin.h */ = {isa = PBXFileReference; fileEncoding = 4; lastKnownFileType = sourcecode.c.h; path = UPPayPlugin.h; sourceTree = "<group>"; };
		364BC6771B5E458400EAFCCE /* UPPayPluginDelegate.h */ = {isa = PBXFileReference; fileEncoding = 4; lastKnownFileType = sourcecode.c.h; path = UPPayPluginDelegate.h; sourceTree = "<group>"; };
		364BC67A1B5E458400EAFCCE /* WXApi.h */ = {isa = PBXFileReference; fileEncoding = 4; lastKnownFileType = sourcecode.c.h; path = WXApi.h; sourceTree = "<group>"; };
		364BC67B1B5E458400EAFCCE /* WXApiObject.h */ = {isa = PBXFileReference; fileEncoding = 4; lastKnownFileType = sourcecode.c.h; path = WXApiObject.h; sourceTree = "<group>"; };
		364BC6BC1B5E7F2400EAFCCE /* BCPayConstant.h */ = {isa = PBXFileReference; lastKnownFileType = sourcecode.c.h; path = BCPayConstant.h; sourceTree = "<group>"; };
		364BC6BD1B5E830000EAFCCE /* BCPayCache.h */ = {isa = PBXFileReference; fileEncoding = 4; lastKnownFileType = sourcecode.c.h; path = BCPayCache.h; sourceTree = "<group>"; };
		364BC6BE1B5E830000EAFCCE /* BCPayCache.m */ = {isa = PBXFileReference; fileEncoding = 4; lastKnownFileType = sourcecode.c.objc; path = BCPayCache.m; sourceTree = "<group>"; };
		364BC6E61B5E9FB900EAFCCE /* CoreTelephony.framework */ = {isa = PBXFileReference; lastKnownFileType = wrapper.framework; name = CoreTelephony.framework; path = System/Library/Frameworks/CoreTelephony.framework; sourceTree = SDKROOT; };
		364BC7131B5F886800EAFCCE /* libc++.dylib */ = {isa = PBXFileReference; lastKnownFileType = "compiled.mach-o.dylib"; name = "libc++.dylib"; path = "usr/lib/libc++.dylib"; sourceTree = SDKROOT; };
		364BC7151B5F887400EAFCCE /* libsqlite3.dylib */ = {isa = PBXFileReference; lastKnownFileType = "compiled.mach-o.dylib"; name = libsqlite3.dylib; path = usr/lib/libsqlite3.dylib; sourceTree = SDKROOT; };
		364BC7171B5F888F00EAFCCE /* libz.dylib */ = {isa = PBXFileReference; lastKnownFileType = "compiled.mach-o.dylib"; name = libz.dylib; path = usr/lib/libz.dylib; sourceTree = SDKROOT; };
		36732DCF1B661C4300DE6227 /* GuideViewController.m */ = {isa = PBXFileReference; fileEncoding = 4; lastKnownFileType = sourcecode.c.objc; path = GuideViewController.m; sourceTree = "<group>"; };
		36732DD01B661C4300DE6227 /* QueryResultViewController.m */ = {isa = PBXFileReference; fileEncoding = 4; lastKnownFileType = sourcecode.c.objc; path = QueryResultViewController.m; sourceTree = "<group>"; };
		36732DD11B661C4300DE6227 /* QueryResultViewController.h */ = {isa = PBXFileReference; fileEncoding = 4; lastKnownFileType = sourcecode.c.h; path = QueryResultViewController.h; sourceTree = "<group>"; };
		36732DD21B661C4300DE6227 /* GuideViewController.h */ = {isa = PBXFileReference; fileEncoding = 4; lastKnownFileType = sourcecode.c.h; path = GuideViewController.h; sourceTree = "<group>"; };
		36732DFB1B66293600DE6227 /* BCQueryBillResult.h */ = {isa = PBXFileReference; fileEncoding = 4; lastKnownFileType = sourcecode.c.h; name = BCQueryBillResult.h; path = PayObjects/BCResults/BCQueryBillResult.h; sourceTree = "<group>"; };
		36732DFC1B66293600DE6227 /* BCQueryBillResult.m */ = {isa = PBXFileReference; fileEncoding = 4; lastKnownFileType = sourcecode.c.objc; name = BCQueryBillResult.m; path = PayObjects/BCResults/BCQueryBillResult.m; sourceTree = "<group>"; };
		36732DFF1B662A1600DE6227 /* BCQueryRefundResult.h */ = {isa = PBXFileReference; fileEncoding = 4; lastKnownFileType = sourcecode.c.h; name = BCQueryRefundResult.h; path = PayObjects/BCResults/BCQueryRefundResult.h; sourceTree = "<group>"; };
		36732E001B662A1600DE6227 /* BCQueryRefundResult.m */ = {isa = PBXFileReference; fileEncoding = 4; lastKnownFileType = sourcecode.c.objc; name = BCQueryRefundResult.m; path = PayObjects/BCResults/BCQueryRefundResult.m; sourceTree = "<group>"; };
		36732E031B662AC800DE6227 /* BCPayObjects.h */ = {isa = PBXFileReference; lastKnownFileType = sourcecode.c.h; path = BCPayObjects.h; sourceTree = "<group>"; };
		36732E041B662C5F00DE6227 /* BCBaseResp.h */ = {isa = PBXFileReference; fileEncoding = 4; lastKnownFileType = sourcecode.c.h; name = BCBaseResp.h; path = PayObjects/BCResponse/BCBaseResp.h; sourceTree = "<group>"; };
		36732E051B662C5F00DE6227 /* BCQueryResp.h */ = {isa = PBXFileReference; fileEncoding = 4; lastKnownFileType = sourcecode.c.h; name = BCQueryResp.h; path = PayObjects/BCResponse/BCQueryResp.h; sourceTree = "<group>"; };
		36732E061B662C5F00DE6227 /* BCPayResp.h */ = {isa = PBXFileReference; fileEncoding = 4; lastKnownFileType = sourcecode.c.h; name = BCPayResp.h; path = PayObjects/BCResponse/BCPayResp.h; sourceTree = "<group>"; };
		36732E071B662C5F00DE6227 /* BCQueryResp.m */ = {isa = PBXFileReference; fileEncoding = 4; lastKnownFileType = sourcecode.c.objc; name = BCQueryResp.m; path = PayObjects/BCResponse/BCQueryResp.m; sourceTree = "<group>"; };
		36732E081B662C5F00DE6227 /* BCBaseResp.m */ = {isa = PBXFileReference; fileEncoding = 4; lastKnownFileType = sourcecode.c.objc; name = BCBaseResp.m; path = PayObjects/BCResponse/BCBaseResp.m; sourceTree = "<group>"; };
		36732E091B662C5F00DE6227 /* BCPayResp.m */ = {isa = PBXFileReference; fileEncoding = 4; lastKnownFileType = sourcecode.c.objc; name = BCPayResp.m; path = PayObjects/BCResponse/BCPayResp.m; sourceTree = "<group>"; };
		36732E101B662CE100DE6227 /* BCPayReq.h */ = {isa = PBXFileReference; fileEncoding = 4; lastKnownFileType = sourcecode.c.h; name = BCPayReq.h; path = PayObjects/BCRequest/BCPayReq.h; sourceTree = "<group>"; };
		36732E111B662CE100DE6227 /* BCQueryReq.h */ = {isa = PBXFileReference; fileEncoding = 4; lastKnownFileType = sourcecode.c.h; name = BCQueryReq.h; path = PayObjects/BCRequest/BCQueryReq.h; sourceTree = "<group>"; };
		36732E121B662CE100DE6227 /* BCQueryReq.m */ = {isa = PBXFileReference; fileEncoding = 4; lastKnownFileType = sourcecode.c.objc; name = BCQueryReq.m; path = PayObjects/BCRequest/BCQueryReq.m; sourceTree = "<group>"; };
		36732E131B662CE100DE6227 /* BCQueryRefundReq.m */ = {isa = PBXFileReference; fileEncoding = 4; lastKnownFileType = sourcecode.c.objc; name = BCQueryRefundReq.m; path = PayObjects/BCRequest/BCQueryRefundReq.m; sourceTree = "<group>"; };
		36732E141B662CE100DE6227 /* BCBaseReq.h */ = {isa = PBXFileReference; fileEncoding = 4; lastKnownFileType = sourcecode.c.h; name = BCBaseReq.h; path = PayObjects/BCRequest/BCBaseReq.h; sourceTree = "<group>"; };
		36732E151B662CE100DE6227 /* BCBaseReq.m */ = {isa = PBXFileReference; fileEncoding = 4; lastKnownFileType = sourcecode.c.objc; name = BCBaseReq.m; path = PayObjects/BCRequest/BCBaseReq.m; sourceTree = "<group>"; };
		36732E161B662CE100DE6227 /* BCPayReq.m */ = {isa = PBXFileReference; fileEncoding = 4; lastKnownFileType = sourcecode.c.objc; name = BCPayReq.m; path = PayObjects/BCRequest/BCPayReq.m; sourceTree = "<group>"; };
		36732E171B662CE100DE6227 /* BCQueryRefundReq.h */ = {isa = PBXFileReference; fileEncoding = 4; lastKnownFileType = sourcecode.c.h; name = BCQueryRefundReq.h; path = PayObjects/BCRequest/BCQueryRefundReq.h; sourceTree = "<group>"; };
		36732E201B662D4300DE6227 /* BCBaseResult.h */ = {isa = PBXFileReference; fileEncoding = 4; lastKnownFileType = sourcecode.c.h; name = BCBaseResult.h; path = PayObjects/BCResults/BCBaseResult.h; sourceTree = "<group>"; };
		36732E211B662D4300DE6227 /* BCBaseResult.m */ = {isa = PBXFileReference; fileEncoding = 4; lastKnownFileType = sourcecode.c.objc; name = BCBaseResult.m; path = PayObjects/BCResults/BCBaseResult.m; sourceTree = "<group>"; };
		36732E2E1B66311D00DE6227 /* BCRefundStatusReq.h */ = {isa = PBXFileReference; fileEncoding = 4; lastKnownFileType = sourcecode.c.h; name = BCRefundStatusReq.h; path = PayObjects/BCRequest/BCRefundStatusReq.h; sourceTree = "<group>"; };
		36732E2F1B66311D00DE6227 /* BCRefundStatusReq.m */ = {isa = PBXFileReference; fileEncoding = 4; lastKnownFileType = sourcecode.c.objc; name = BCRefundStatusReq.m; path = PayObjects/BCRequest/BCRefundStatusReq.m; sourceTree = "<group>"; };
		36732E321B66384000DE6227 /* BCRefundStatusResp.h */ = {isa = PBXFileReference; fileEncoding = 4; lastKnownFileType = sourcecode.c.h; name = BCRefundStatusResp.h; path = PayObjects/BCResponse/BCRefundStatusResp.h; sourceTree = "<group>"; };
		36732E331B66384000DE6227 /* BCRefundStatusResp.m */ = {isa = PBXFileReference; fileEncoding = 4; lastKnownFileType = sourcecode.c.objc; name = BCRefundStatusResp.m; path = PayObjects/BCResponse/BCRefundStatusResp.m; sourceTree = "<group>"; };
/* End PBXFileReference section */

/* Begin PBXFrameworksBuildPhase section */
		3613DAB51B6232D9001871C2 /* Frameworks */ = {
			isa = PBXFrameworksBuildPhase;
			buildActionMask = 2147483647;
			files = (
				3613DB121B6237B7001871C2 /* AlipaySDK.framework in Frameworks */,
				3613DB101B6237A7001871C2 /* libWeChatSDK.a in Frameworks */,
				3613DB0E1B623798001871C2 /* libUPPayPlugin.a in Frameworks */,
				3613DB0C1B62363C001871C2 /* libz.dylib in Frameworks */,
				3613DB0B1B623632001871C2 /* libsqlite3.dylib in Frameworks */,
				3613DB0A1B623628001871C2 /* libc++.dylib in Frameworks */,
			);
			runOnlyForDeploymentPostprocessing = 0;
		};
		364BC5A61B5E32FD00EAFCCE /* Frameworks */ = {
			isa = PBXFrameworksBuildPhase;
			buildActionMask = 2147483647;
			files = (
			);
			runOnlyForDeploymentPostprocessing = 0;
		};
/* End PBXFrameworksBuildPhase section */

/* Begin PBXGroup section */
		3613DAB91B6232D9001871C2 /* PayDemo */ = {
			isa = PBXGroup;
			children = (
				3613DABE1B6232D9001871C2 /* AppDelegate.h */,
				3613DABF1B6232D9001871C2 /* AppDelegate.m */,
				36732DD21B661C4300DE6227 /* GuideViewController.h */,
				36732DCF1B661C4300DE6227 /* GuideViewController.m */,
				3613DAC11B6232D9001871C2 /* ViewController.h */,
				3613DAC21B6232D9001871C2 /* ViewController.mm */,
				36732DD11B661C4300DE6227 /* QueryResultViewController.h */,
				36732DD01B661C4300DE6227 /* QueryResultViewController.m */,
				3613DAC71B6232D9001871C2 /* Images.xcassets */,
				3613DAC91B6232D9001871C2 /* LaunchScreen.xib */,
				3613DB131B6240C9001871C2 /* Main.storyboard */,
				3613DABA1B6232D9001871C2 /* Supporting Files */,
			);
			path = PayDemo;
			sourceTree = "<group>";
		};
		3613DABA1B6232D9001871C2 /* Supporting Files */ = {
			isa = PBXGroup;
			children = (
				3613DABB1B6232D9001871C2 /* Info.plist */,
				3613DABC1B6232D9001871C2 /* main.m */,
			);
			name = "Supporting Files";
			sourceTree = "<group>";
		};
		364BC5A01B5E32FD00EAFCCE = {
			isa = PBXGroup;
			children = (
				3613DAB91B6232D9001871C2 /* PayDemo */,
				364BC6E81B5F2AE700EAFCCE /* Frameworks */,
				364BC6361B5E458400EAFCCE /* BCPaySDK */,
				364BC65A1B5E458400EAFCCE /* External */,
				364BC5AA1B5E32FD00EAFCCE /* Products */,
			);
			sourceTree = "<group>";
		};
		364BC5AA1B5E32FD00EAFCCE /* Products */ = {
			isa = PBXGroup;
			children = (
				364BC5A91B5E32FD00EAFCCE /* libBCPaySDK.a */,
				3613DAB81B6232D9001871C2 /* PayDemo.app */,
			);
			name = Products;
			sourceTree = "<group>";
		};
		364BC6361B5E458400EAFCCE /* BCPaySDK */ = {
			isa = PBXGroup;
			children = (
				364BC64C1B5E458400EAFCCE /* Internal */,
				364BC6551B5E458400EAFCCE /* Public */,
			);
			path = BCPaySDK;
			sourceTree = "<group>";
		};
		364BC64C1B5E458400EAFCCE /* Internal */ = {
			isa = PBXGroup;
			children = (
				3613DA721B622D2F001871C2 /* BCUtil.m */,
				3613DA731B622D2F001871C2 /* BCUtil.h */,
				364BC6BD1B5E830000EAFCCE /* BCPayCache.h */,
				364BC6BE1B5E830000EAFCCE /* BCPayCache.m */,
				364BC6BC1B5E7F2400EAFCCE /* BCPayConstant.h */,
				364BC64F1B5E458400EAFCCE /* BCPayUtil.h */,
				364BC6501B5E458400EAFCCE /* BCPayUtil.m */,
			);
			path = Internal;
			sourceTree = "<group>";
		};
		364BC6551B5E458400EAFCCE /* Public */ = {
			isa = PBXGroup;
			children = (
				36732DD71B66256800DE6227 /* PayObjects */,
				364BC6581B5E458400EAFCCE /* BCPaySDK.h */,
				364BC6591B5E458400EAFCCE /* BCPaySDK.m */,
				36732E031B662AC800DE6227 /* BCPayObjects.h */,
			);
			path = Public;
			sourceTree = "<group>";
		};
		364BC65A1B5E458400EAFCCE /* External */ = {
			isa = PBXGroup;
			children = (
				364BC65B1B5E458400EAFCCE /* AFNetworking */,
				364BC66F1B5E458400EAFCCE /* AliPaySDK */,
				364BC6741B5E458400EAFCCE /* UnionPaySDK */,
				364BC6781B5E458400EAFCCE /* WeChatSDK */,
			);
			path = External;
			sourceTree = "<group>";
		};
		364BC65B1B5E458400EAFCCE /* AFNetworking */ = {
			isa = PBXGroup;
			children = (
				364BC65C1B5E458400EAFCCE /* AFHTTPRequestOperation.h */,
				364BC65D1B5E458400EAFCCE /* AFHTTPRequestOperation.m */,
				364BC65E1B5E458400EAFCCE /* AFHTTPRequestOperationManager.h */,
				364BC65F1B5E458400EAFCCE /* AFHTTPRequestOperationManager.m */,
				364BC6601B5E458400EAFCCE /* AFHTTPSessionManager.h */,
				364BC6611B5E458400EAFCCE /* AFHTTPSessionManager.m */,
				364BC6621B5E458400EAFCCE /* AFNetworking.h */,
				364BC6631B5E458400EAFCCE /* AFNetworkReachabilityManager.h */,
				364BC6641B5E458400EAFCCE /* AFNetworkReachabilityManager.m */,
				364BC6651B5E458400EAFCCE /* AFSecurityPolicy.h */,
				364BC6661B5E458400EAFCCE /* AFSecurityPolicy.m */,
				364BC6671B5E458400EAFCCE /* AFURLConnectionOperation.h */,
				364BC6681B5E458400EAFCCE /* AFURLConnectionOperation.m */,
				364BC6691B5E458400EAFCCE /* AFURLRequestSerialization.h */,
				364BC66A1B5E458400EAFCCE /* AFURLRequestSerialization.m */,
				364BC66B1B5E458400EAFCCE /* AFURLResponseSerialization.h */,
				364BC66C1B5E458400EAFCCE /* AFURLResponseSerialization.m */,
				364BC66D1B5E458400EAFCCE /* AFURLSessionManager.h */,
				364BC66E1B5E458400EAFCCE /* AFURLSessionManager.m */,
			);
			path = AFNetworking;
			sourceTree = "<group>";
		};
		364BC66F1B5E458400EAFCCE /* AliPaySDK */ = {
			isa = PBXGroup;
			children = (
				364BC6701B5E458400EAFCCE /* AlipaySDK.h */,
				364BC6711B5E458400EAFCCE /* APayAuthInfo.h */,
			);
			path = AliPaySDK;
			sourceTree = "<group>";
		};
		364BC6741B5E458400EAFCCE /* UnionPaySDK */ = {
			isa = PBXGroup;
			children = (
				364BC6761B5E458400EAFCCE /* UPPayPlugin.h */,
				364BC6771B5E458400EAFCCE /* UPPayPluginDelegate.h */,
			);
			path = UnionPaySDK;
			sourceTree = "<group>";
		};
		364BC6781B5E458400EAFCCE /* WeChatSDK */ = {
			isa = PBXGroup;
			children = (
				364BC67A1B5E458400EAFCCE /* WXApi.h */,
				364BC67B1B5E458400EAFCCE /* WXApiObject.h */,
			);
			path = WeChatSDK;
			sourceTree = "<group>";
		};
		364BC6E81B5F2AE700EAFCCE /* Frameworks */ = {
			isa = PBXGroup;
			children = (
				3613DB111B6237B7001871C2 /* AlipaySDK.framework */,
				3613DB0F1B6237A7001871C2 /* libWeChatSDK.a */,
				3613DB0D1B623798001871C2 /* libUPPayPlugin.a */,
				364BC7171B5F888F00EAFCCE /* libz.dylib */,
				364BC7151B5F887400EAFCCE /* libsqlite3.dylib */,
				364BC7131B5F886800EAFCCE /* libc++.dylib */,
				364BC6E61B5E9FB900EAFCCE /* CoreTelephony.framework */,
			);
			name = Frameworks;
			sourceTree = "<group>";
		};
		36732DD71B66256800DE6227 /* PayObjects */ = {
			isa = PBXGroup;
			children = (
				36732DF61B6628AB00DE6227 /* BCResults */,
				36732DE91B66272300DE6227 /* BCResponse */,
				36732DE81B6626F400DE6227 /* BCRequest */,
			);
			name = PayObjects;
			sourceTree = "<group>";
		};
		36732DE81B6626F400DE6227 /* BCRequest */ = {
			isa = PBXGroup;
			children = (
				36732E141B662CE100DE6227 /* BCBaseReq.h */,
				36732E151B662CE100DE6227 /* BCBaseReq.m */,
				36732E101B662CE100DE6227 /* BCPayReq.h */,
				36732E161B662CE100DE6227 /* BCPayReq.m */,
				36732E171B662CE100DE6227 /* BCQueryRefundReq.h */,
				36732E131B662CE100DE6227 /* BCQueryRefundReq.m */,
				36732E111B662CE100DE6227 /* BCQueryReq.h */,
				36732E121B662CE100DE6227 /* BCQueryReq.m */,
				36732E2E1B66311D00DE6227 /* BCRefundStatusReq.h */,
				36732E2F1B66311D00DE6227 /* BCRefundStatusReq.m */,
			);
			name = BCRequest;
			sourceTree = "<group>";
		};
		36732DE91B66272300DE6227 /* BCResponse */ = {
			isa = PBXGroup;
			children = (
				36732E041B662C5F00DE6227 /* BCBaseResp.h */,
				36732E081B662C5F00DE6227 /* BCBaseResp.m */,
				36732E061B662C5F00DE6227 /* BCPayResp.h */,
				36732E091B662C5F00DE6227 /* BCPayResp.m */,
				36732E051B662C5F00DE6227 /* BCQueryResp.h */,
				36732E071B662C5F00DE6227 /* BCQueryResp.m */,
				36732E321B66384000DE6227 /* BCRefundStatusResp.h */,
				36732E331B66384000DE6227 /* BCRefundStatusResp.m */,
			);
			name = BCResponse;
			sourceTree = "<group>";
		};
		36732DF61B6628AB00DE6227 /* BCResults */ = {
			isa = PBXGroup;
			children = (
				36732E201B662D4300DE6227 /* BCBaseResult.h */,
				36732E211B662D4300DE6227 /* BCBaseResult.m */,
				36732DFB1B66293600DE6227 /* BCQueryBillResult.h */,
				36732DFC1B66293600DE6227 /* BCQueryBillResult.m */,
				36732DFF1B662A1600DE6227 /* BCQueryRefundResult.h */,
				36732E001B662A1600DE6227 /* BCQueryRefundResult.m */,
			);
			name = BCResults;
			sourceTree = "<group>";
		};
/* End PBXGroup section */

/* Begin PBXHeadersBuildPhase section */
		3613DB021B623598001871C2 /* Headers */ = {
			isa = PBXHeadersBuildPhase;
			buildActionMask = 2147483647;
			files = (
				36732DD61B661C4300DE6227 /* GuideViewController.h in Headers */,
				36732DD51B661C4300DE6227 /* QueryResultViewController.h in Headers */,
				3613DB041B6235A7001871C2 /* BCPaySDK.h in Headers */,
			);
			runOnlyForDeploymentPostprocessing = 0;
		};
		364BC6351B5E456C00EAFCCE /* Headers */ = {
			isa = PBXHeadersBuildPhase;
			buildActionMask = 2147483647;
			files = (
				36732E0B1B662C5F00DE6227 /* BCQueryResp.h in Headers */,
				36B9E3B61B686C7400A875B5 /* BCPayObjects.h in Headers */,
				364BC69A1B5E458400EAFCCE /* BCPaySDK.h in Headers */,
				364BC6AD1B5E458400EAFCCE /* AFURLSessionManager.h in Headers */,
				364BC6921B5E458400EAFCCE /* BCPayUtil.h in Headers */,
				36732DFD1B66293600DE6227 /* BCQueryBillResult.h in Headers */,
				364BC6A51B5E458400EAFCCE /* AFSecurityPolicy.h in Headers */,
				364BC6A71B5E458400EAFCCE /* AFURLConnectionOperation.h in Headers */,
				36732E0C1B662C5F00DE6227 /* BCPayResp.h in Headers */,
				364BC6A01B5E458400EAFCCE /* AFHTTPSessionManager.h in Headers */,
				364BC6B61B5E458500EAFCCE /* WXApi.h in Headers */,
				364BC6AF1B5E458500EAFCCE /* AlipaySDK.h in Headers */,
				36732E181B662CE100DE6227 /* BCPayReq.h in Headers */,
				36732E1C1B662CE100DE6227 /* BCBaseReq.h in Headers */,
				36732E341B66384000DE6227 /* BCRefundStatusResp.h in Headers */,
				36732E011B662A1600DE6227 /* BCQueryRefundResult.h in Headers */,
				364BC6B01B5E458500EAFCCE /* APayAuthInfo.h in Headers */,
				364BC6AB1B5E458400EAFCCE /* AFURLResponseSerialization.h in Headers */,
				364BC6B71B5E458500EAFCCE /* WXApiObject.h in Headers */,
				36732E191B662CE100DE6227 /* BCQueryReq.h in Headers */,
				364BC6B31B5E458500EAFCCE /* UPPayPlugin.h in Headers */,
				3613DA751B622D2F001871C2 /* BCUtil.h in Headers */,
				364BC6A21B5E458400EAFCCE /* AFNetworking.h in Headers */,
				364BC6BF1B5E830000EAFCCE /* BCPayCache.h in Headers */,
				364BC69E1B5E458400EAFCCE /* AFHTTPRequestOperationManager.h in Headers */,
				364BC6A91B5E458400EAFCCE /* AFURLRequestSerialization.h in Headers */,
				36732E0A1B662C5F00DE6227 /* BCBaseResp.h in Headers */,
				36732E301B66311D00DE6227 /* BCRefundStatusReq.h in Headers */,
				36732E221B662D4300DE6227 /* BCBaseResult.h in Headers */,
				364BC6B41B5E458500EAFCCE /* UPPayPluginDelegate.h in Headers */,
				364BC69C1B5E458400EAFCCE /* AFHTTPRequestOperation.h in Headers */,
				36732E1F1B662CE100DE6227 /* BCQueryRefundReq.h in Headers */,
				364BC6A31B5E458400EAFCCE /* AFNetworkReachabilityManager.h in Headers */,
			);
			runOnlyForDeploymentPostprocessing = 0;
		};
/* End PBXHeadersBuildPhase section */

/* Begin PBXNativeTarget section */
		3613DAB71B6232D9001871C2 /* PayDemo */ = {
			isa = PBXNativeTarget;
			buildConfigurationList = 3613DAD81B6232DA001871C2 /* Build configuration list for PBXNativeTarget "PayDemo" */;
			buildPhases = (
				3613DAB41B6232D9001871C2 /* Sources */,
				3613DAB51B6232D9001871C2 /* Frameworks */,
				3613DAB61B6232D9001871C2 /* Resources */,
				3613DB021B623598001871C2 /* Headers */,
			);
			buildRules = (
			);
			dependencies = (
			);
			name = PayDemo;
			productName = PayDemo;
			productReference = 3613DAB81B6232D9001871C2 /* PayDemo.app */;
			productType = "com.apple.product-type.application";
		};
		364BC5A81B5E32FD00EAFCCE /* BCPaySDK */ = {
			isa = PBXNativeTarget;
			buildConfigurationList = 364BC5BD1B5E32FE00EAFCCE /* Build configuration list for PBXNativeTarget "BCPaySDK" */;
			buildPhases = (
				364BC5A51B5E32FD00EAFCCE /* Sources */,
				364BC5A61B5E32FD00EAFCCE /* Frameworks */,
				364BC5A71B5E32FD00EAFCCE /* CopyFiles */,
				364BC6351B5E456C00EAFCCE /* Headers */,
			);
			buildRules = (
			);
			dependencies = (
			);
			name = BCPaySDK;
			productName = BCPaySDK;
			productReference = 364BC5A91B5E32FD00EAFCCE /* libBCPaySDK.a */;
			productType = "com.apple.product-type.library.static";
		};
/* End PBXNativeTarget section */

/* Begin PBXProject section */
		364BC5A11B5E32FD00EAFCCE /* Project object */ = {
			isa = PBXProject;
			attributes = {
				LastUpgradeCheck = 0640;
				ORGANIZATIONNAME = BeeCloud;
				TargetAttributes = {
					3613DAB71B6232D9001871C2 = {
						CreatedOnToolsVersion = 6.4;
					};
					364BC5A81B5E32FD00EAFCCE = {
						CreatedOnToolsVersion = 6.4;
					};
					364BC6261B5E401800EAFCCE = {
						CreatedOnToolsVersion = 6.4;
					};
				};
			};
			buildConfigurationList = 364BC5A41B5E32FD00EAFCCE /* Build configuration list for PBXProject "BCPaySDK" */;
			compatibilityVersion = "Xcode 3.2";
			developmentRegion = English;
			hasScannedForEncodings = 0;
			knownRegions = (
				en,
				Base,
			);
			mainGroup = 364BC5A01B5E32FD00EAFCCE;
			productRefGroup = 364BC5AA1B5E32FD00EAFCCE /* Products */;
			projectDirPath = "";
			projectRoot = "";
			targets = (
				364BC5A81B5E32FD00EAFCCE /* BCPaySDK */,
				364BC6261B5E401800EAFCCE /* payLib */,
				3613DAB71B6232D9001871C2 /* PayDemo */,
			);
		};
/* End PBXProject section */

/* Begin PBXResourcesBuildPhase section */
		3613DAB61B6232D9001871C2 /* Resources */ = {
			isa = PBXResourcesBuildPhase;
			buildActionMask = 2147483647;
			files = (
				3613DB171B6240C9001871C2 /* Main.storyboard in Resources */,
				3613DAC81B6232D9001871C2 /* Images.xcassets in Resources */,
			);
			runOnlyForDeploymentPostprocessing = 0;
		};
/* End PBXResourcesBuildPhase section */

/* Begin PBXShellScriptBuildPhase section */
		364BC62A1B5E402800EAFCCE /* ShellScript */ = {
			isa = PBXShellScriptBuildPhase;
			buildActionMask = 2147483647;
			files = (
			);
			inputPaths = (
			);
			outputPaths = (
			);
			runOnlyForDeploymentPostprocessing = 0;
			shellPath = /bin/sh;
			shellScript = "FMK_NAME=BCPaySDK\n\n# define output folder environment variable\nUNIVERSAL_OUTPUTFOLDER=${SRCROOT}/Products/${FMK_NAME}\n\n# Working dir will be deleted after the framework creation.\nWRK_DIR=build\nDEVICE_DIR=${WRK_DIR}/Release-iphoneos/\nSIMULATOR_DIR=${WRK_DIR}/Release-iphonesimulator/\n\n# Step 1. Build Device and Simulator versions\nxcodebuild -configuration \"Release\" -target \"${FMK_NAME}\" -sdk iphoneos clean build\nxcodebuild -configuration \"Release\" -target \"${FMK_NAME}\" -sdk iphonesimulator clean build\n\n# Cleaning the oldest.\nif [ -d \"${UNIVERSAL_OUTPUTFOLDER}\" ]\nthen\nrm -rf \"${UNIVERSAL_OUTPUTFOLDER}\"\nfi\n\n# make sure the output directory exists\nmkdir -p \"${UNIVERSAL_OUTPUTFOLDER}\"\n\n# Step 2. Create universal binary file using lipo\nlipo -create -output \"${UNIVERSAL_OUTPUTFOLDER}/lib${PROJECT_NAME}.a\" \"${DEVICE_DIR}/lib${PROJECT_NAME}.a\" \"${SIMULATOR_DIR}/lib${PROJECT_NAME}.a\"\n\n# Last touch. copy the header files. Just for convenience\ncp -R \"${BUILD_DIR}/${CONFIGURATION}-iphoneos/usr/local/include/\" \"${UNIVERSAL_OUTPUTFOLDER}/\"\n\nrm -r \"${WRK_DIR}\"\n\nopen \"${UNIVERSAL_OUTPUTFOLDER}\"\n";
		};
/* End PBXShellScriptBuildPhase section */

/* Begin PBXSourcesBuildPhase section */
		3613DAB41B6232D9001871C2 /* Sources */ = {
			isa = PBXSourcesBuildPhase;
			buildActionMask = 2147483647;
			files = (
				36732E361B663A5600DE6227 /* BCRefundStatusResp.m in Sources */,
				36732E371B663A5600DE6227 /* BCRefundStatusReq.m in Sources */,
				36732E241B662F7200DE6227 /* BCBaseResult.m in Sources */,
				36732E251B662F7200DE6227 /* BCQueryBillResult.m in Sources */,
				36732E261B662F7200DE6227 /* BCQueryRefundResult.m in Sources */,
				36732E271B662F7200DE6227 /* BCQueryResp.m in Sources */,
				36732E281B662F7200DE6227 /* BCBaseResp.m in Sources */,
				36732E291B662F7200DE6227 /* BCPayResp.m in Sources */,
				36732E2A1B662F7200DE6227 /* BCBaseReq.m in Sources */,
				36732E2B1B662F7200DE6227 /* BCPayReq.m in Sources */,
				36732E2C1B662F7200DE6227 /* BCQueryRefundReq.m in Sources */,
				36732E2D1B662F7200DE6227 /* BCQueryReq.m in Sources */,
				3613DB061B6235CC001871C2 /* BCPaySDK.m in Sources */,
				3613DAF01B623562001871C2 /* AFHTTPRequestOperation.m in Sources */,
				3613DAF21B623562001871C2 /* AFHTTPRequestOperationManager.m in Sources */,
				3613DAF41B623562001871C2 /* AFHTTPSessionManager.m in Sources */,
				3613DAF71B623562001871C2 /* AFNetworkReachabilityManager.m in Sources */,
				3613DAF91B623562001871C2 /* AFSecurityPolicy.m in Sources */,
				3613DAFB1B623562001871C2 /* AFURLConnectionOperation.m in Sources */,
				3613DAFD1B623562001871C2 /* AFURLRequestSerialization.m in Sources */,
				3613DAFF1B623562001871C2 /* AFURLResponseSerialization.m in Sources */,
				3613DB011B623562001871C2 /* AFURLSessionManager.m in Sources */,
				3613DAE01B6233F2001871C2 /* BCUtil.m in Sources */,
				3613DAE31B6233F2001871C2 /* BCPayCache.m in Sources */,
				3613DAE61B6233F2001871C2 /* BCPayUtil.m in Sources */,
				3613DAC31B6232D9001871C2 /* ViewController.mm in Sources */,
				3613DAC01B6232D9001871C2 /* AppDelegate.m in Sources */,
				3613DABD1B6232D9001871C2 /* main.m in Sources */,
				36732DD31B661C4300DE6227 /* GuideViewController.m in Sources */,
				36732DD41B661C4300DE6227 /* QueryResultViewController.m in Sources */,
			);
			runOnlyForDeploymentPostprocessing = 0;
		};
		364BC5A51B5E32FD00EAFCCE /* Sources */ = {
			isa = PBXSourcesBuildPhase;
			buildActionMask = 2147483647;
			files = (
				364BC69B1B5E458400EAFCCE /* BCPaySDK.m in Sources */,
				36732E0E1B662C5F00DE6227 /* BCBaseResp.m in Sources */,
				36732E351B66384000DE6227 /* BCRefundStatusResp.m in Sources */,
				36732E231B662D4300DE6227 /* BCBaseResult.m in Sources */,
				36732E1E1B662CE100DE6227 /* BCPayReq.m in Sources */,
				36732E0D1B662C5F00DE6227 /* BCQueryResp.m in Sources */,
				36732E0F1B662C5F00DE6227 /* BCPayResp.m in Sources */,
				36732DFE1B66293600DE6227 /* BCQueryBillResult.m in Sources */,
				36732E311B66311D00DE6227 /* BCRefundStatusReq.m in Sources */,
				3613DA741B622D2F001871C2 /* BCUtil.m in Sources */,
				36732E021B662A1600DE6227 /* BCQueryRefundResult.m in Sources */,
				364BC6C01B5E830000EAFCCE /* BCPayCache.m in Sources */,
				364BC6931B5E458400EAFCCE /* BCPayUtil.m in Sources */,
				36732E1A1B662CE100DE6227 /* BCQueryReq.m in Sources */,
				36732E1B1B662CE100DE6227 /* BCQueryRefundReq.m in Sources */,
				36732E1D1B662CE100DE6227 /* BCBaseReq.m in Sources */,
			);
			runOnlyForDeploymentPostprocessing = 0;
		};
/* End PBXSourcesBuildPhase section */

/* Begin PBXTargetDependency section */
		36B9E3B81B686CFA00A875B5 /* PBXTargetDependency */ = {
			isa = PBXTargetDependency;
			target = 364BC5A81B5E32FD00EAFCCE /* BCPaySDK */;
			targetProxy = 36B9E3B71B686CFA00A875B5 /* PBXContainerItemProxy */;
		};
/* End PBXTargetDependency section */

/* Begin PBXVariantGroup section */
		3613DAC91B6232D9001871C2 /* LaunchScreen.xib */ = {
			isa = PBXVariantGroup;
			children = (
				3613DACA1B6232D9001871C2 /* Base */,
			);
			name = LaunchScreen.xib;
			sourceTree = "<group>";
		};
		3613DB131B6240C9001871C2 /* Main.storyboard */ = {
			isa = PBXVariantGroup;
			children = (
				3613DB141B6240C9001871C2 /* Base */,
			);
			name = Main.storyboard;
			path = ..;
			sourceTree = "<group>";
		};
/* End PBXVariantGroup section */

/* Begin XCBuildConfiguration section */
		3613DAD91B6232DA001871C2 /* Debug */ = {
			isa = XCBuildConfiguration;
			buildSettings = {
				ASSETCATALOG_COMPILER_APPICON_NAME = AppIcon;
				"CODE_SIGN_IDENTITY[sdk=iphoneos*]" = "iPhone Developer";
				FRAMEWORK_SEARCH_PATHS = (
					"$(inherited)",
					"$(PROJECT_DIR)/External/AliPaySDK",
				);
				GCC_PREPROCESSOR_DEFINITIONS = (
					"DEBUG=1",
					"$(inherited)",
				);
				INFOPLIST_FILE = PayDemo/Info.plist;
				IPHONEOS_DEPLOYMENT_TARGET = 7.1;
				LD_RUNPATH_SEARCH_PATHS = "$(inherited) @executable_path/Frameworks";
				LIBRARY_SEARCH_PATHS = (
					"$(inherited)",
					"$(PROJECT_DIR)/External/UnionPaySDK",
					"$(PROJECT_DIR)/External/WeChatSDK",
				);
				OTHER_CFLAGS = "";
				OTHER_LDFLAGS = "-ObjC";
				PRODUCT_NAME = "$(TARGET_NAME)";
				TARGETED_DEVICE_FAMILY = "1,2";
			};
			name = Debug;
		};
		3613DADA1B6232DA001871C2 /* Release */ = {
			isa = XCBuildConfiguration;
			buildSettings = {
				ASSETCATALOG_COMPILER_APPICON_NAME = AppIcon;
				"CODE_SIGN_IDENTITY[sdk=iphoneos*]" = "iPhone Developer";
				FRAMEWORK_SEARCH_PATHS = (
					"$(inherited)",
					"$(PROJECT_DIR)/External/AliPaySDK",
				);
				INFOPLIST_FILE = PayDemo/Info.plist;
				IPHONEOS_DEPLOYMENT_TARGET = 7.1;
				LD_RUNPATH_SEARCH_PATHS = "$(inherited) @executable_path/Frameworks";
				LIBRARY_SEARCH_PATHS = (
					"$(inherited)",
					"$(PROJECT_DIR)/External/UnionPaySDK",
					"$(PROJECT_DIR)/External/WeChatSDK",
				);
				OTHER_CFLAGS = "";
				OTHER_LDFLAGS = "-ObjC";
				PRODUCT_NAME = "$(TARGET_NAME)";
				TARGETED_DEVICE_FAMILY = "1,2";
			};
			name = Release;
		};
		364BC5BB1B5E32FE00EAFCCE /* Debug */ = {
			isa = XCBuildConfiguration;
			buildSettings = {
				ALWAYS_SEARCH_USER_PATHS = NO;
				CLANG_CXX_LANGUAGE_STANDARD = "gnu++0x";
				CLANG_CXX_LIBRARY = "libc++";
				CLANG_ENABLE_MODULES = YES;
				CLANG_ENABLE_OBJC_ARC = YES;
				CLANG_WARN_BOOL_CONVERSION = YES;
				CLANG_WARN_CONSTANT_CONVERSION = YES;
				CLANG_WARN_DIRECT_OBJC_ISA_USAGE = YES_ERROR;
				CLANG_WARN_EMPTY_BODY = YES;
				CLANG_WARN_ENUM_CONVERSION = YES;
				CLANG_WARN_INT_CONVERSION = YES;
				CLANG_WARN_OBJC_ROOT_CLASS = YES_ERROR;
				CLANG_WARN_UNREACHABLE_CODE = YES;
				CLANG_WARN__DUPLICATE_METHOD_MATCH = YES;
				COPY_PHASE_STRIP = NO;
				DEBUG_INFORMATION_FORMAT = "dwarf-with-dsym";
				ENABLE_STRICT_OBJC_MSGSEND = YES;
				GCC_C_LANGUAGE_STANDARD = gnu99;
				GCC_DYNAMIC_NO_PIC = NO;
				GCC_NO_COMMON_BLOCKS = YES;
				GCC_OPTIMIZATION_LEVEL = 0;
				GCC_PREPROCESSOR_DEFINITIONS = (
					"DEBUG=1",
					"$(inherited)",
				);
				GCC_SYMBOLS_PRIVATE_EXTERN = NO;
				GCC_WARN_64_TO_32_BIT_CONVERSION = YES;
				GCC_WARN_ABOUT_RETURN_TYPE = YES_ERROR;
				GCC_WARN_UNDECLARED_SELECTOR = YES;
				GCC_WARN_UNINITIALIZED_AUTOS = YES_AGGRESSIVE;
				GCC_WARN_UNUSED_FUNCTION = YES;
				GCC_WARN_UNUSED_VARIABLE = YES;
				IPHONEOS_DEPLOYMENT_TARGET = 8.4;
				MTL_ENABLE_DEBUG_INFO = YES;
				ONLY_ACTIVE_ARCH = YES;
				SDKROOT = iphoneos;
			};
			name = Debug;
		};
		364BC5BC1B5E32FE00EAFCCE /* Release */ = {
			isa = XCBuildConfiguration;
			buildSettings = {
				ALWAYS_SEARCH_USER_PATHS = NO;
				CLANG_CXX_LANGUAGE_STANDARD = "gnu++0x";
				CLANG_CXX_LIBRARY = "libc++";
				CLANG_ENABLE_MODULES = YES;
				CLANG_ENABLE_OBJC_ARC = YES;
				CLANG_WARN_BOOL_CONVERSION = YES;
				CLANG_WARN_CONSTANT_CONVERSION = YES;
				CLANG_WARN_DIRECT_OBJC_ISA_USAGE = YES_ERROR;
				CLANG_WARN_EMPTY_BODY = YES;
				CLANG_WARN_ENUM_CONVERSION = YES;
				CLANG_WARN_INT_CONVERSION = YES;
				CLANG_WARN_OBJC_ROOT_CLASS = YES_ERROR;
				CLANG_WARN_UNREACHABLE_CODE = YES;
				CLANG_WARN__DUPLICATE_METHOD_MATCH = YES;
				COPY_PHASE_STRIP = NO;
				DEBUG_INFORMATION_FORMAT = "dwarf-with-dsym";
				ENABLE_NS_ASSERTIONS = NO;
				ENABLE_STRICT_OBJC_MSGSEND = YES;
				GCC_C_LANGUAGE_STANDARD = gnu99;
				GCC_NO_COMMON_BLOCKS = YES;
				GCC_WARN_64_TO_32_BIT_CONVERSION = YES;
				GCC_WARN_ABOUT_RETURN_TYPE = YES_ERROR;
				GCC_WARN_UNDECLARED_SELECTOR = YES;
				GCC_WARN_UNINITIALIZED_AUTOS = YES_AGGRESSIVE;
				GCC_WARN_UNUSED_FUNCTION = YES;
				GCC_WARN_UNUSED_VARIABLE = YES;
				IPHONEOS_DEPLOYMENT_TARGET = 8.4;
				MTL_ENABLE_DEBUG_INFO = NO;
				SDKROOT = iphoneos;
				VALIDATE_PRODUCT = YES;
			};
			name = Release;
		};
		364BC5BE1B5E32FE00EAFCCE /* Debug */ = {
			isa = XCBuildConfiguration;
			buildSettings = {
				FRAMEWORK_SEARCH_PATHS = (
					"$(inherited)",
					"$(PROJECT_DIR)/External/BeeCloudSDK",
				);
				GCC_PRECOMPILE_PREFIX_HEADER = YES;
				GCC_PREFIX_HEADER = "";
				LIBRARY_SEARCH_PATHS = (
					"$(inherited)",
					"$(PROJECT_DIR)/External/UnionPaySDK",
					"$(PROJECT_DIR)/External/WeChatSDK",
				);
				OTHER_LDFLAGS = "-ObjC";
				PRODUCT_NAME = "$(TARGET_NAME)";
				SKIP_INSTALL = YES;
			};
			name = Debug;
		};
		364BC5BF1B5E32FE00EAFCCE /* Release */ = {
			isa = XCBuildConfiguration;
			buildSettings = {
				FRAMEWORK_SEARCH_PATHS = (
					"$(inherited)",
					"$(PROJECT_DIR)/External/BeeCloudSDK",
				);
				GCC_PRECOMPILE_PREFIX_HEADER = YES;
				GCC_PREFIX_HEADER = "";
				LIBRARY_SEARCH_PATHS = (
					"$(inherited)",
					"$(PROJECT_DIR)/External/UnionPaySDK",
					"$(PROJECT_DIR)/External/WeChatSDK",
				);
				OTHER_LDFLAGS = "-ObjC";
				PRODUCT_NAME = "$(TARGET_NAME)";
				SKIP_INSTALL = YES;
			};
			name = Release;
		};
		364BC6281B5E401800EAFCCE /* Debug */ = {
			isa = XCBuildConfiguration;
			buildSettings = {
				PRODUCT_NAME = "$(TARGET_NAME)";
			};
			name = Debug;
		};
		364BC6291B5E401800EAFCCE /* Release */ = {
			isa = XCBuildConfiguration;
			buildSettings = {
				PRODUCT_NAME = "$(TARGET_NAME)";
			};
			name = Release;
		};
/* End XCBuildConfiguration section */

/* Begin XCConfigurationList section */
		3613DAD81B6232DA001871C2 /* Build configuration list for PBXNativeTarget "PayDemo" */ = {
			isa = XCConfigurationList;
			buildConfigurations = (
				3613DAD91B6232DA001871C2 /* Debug */,
				3613DADA1B6232DA001871C2 /* Release */,
			);
			defaultConfigurationIsVisible = 0;
			defaultConfigurationName = Release;
		};
		364BC5A41B5E32FD00EAFCCE /* Build configuration list for PBXProject "BCPaySDK" */ = {
			isa = XCConfigurationList;
			buildConfigurations = (
				364BC5BB1B5E32FE00EAFCCE /* Debug */,
				364BC5BC1B5E32FE00EAFCCE /* Release */,
			);
			defaultConfigurationIsVisible = 0;
			defaultConfigurationName = Release;
		};
		364BC5BD1B5E32FE00EAFCCE /* Build configuration list for PBXNativeTarget "BCPaySDK" */ = {
			isa = XCConfigurationList;
			buildConfigurations = (
				364BC5BE1B5E32FE00EAFCCE /* Debug */,
				364BC5BF1B5E32FE00EAFCCE /* Release */,
			);
			defaultConfigurationIsVisible = 0;
			defaultConfigurationName = Release;
		};
		364BC6271B5E401800EAFCCE /* Build configuration list for PBXAggregateTarget "payLib" */ = {
			isa = XCConfigurationList;
			buildConfigurations = (
				364BC6281B5E401800EAFCCE /* Debug */,
				364BC6291B5E401800EAFCCE /* Release */,
			);
			defaultConfigurationIsVisible = 0;
			defaultConfigurationName = Release;
		};
/* End XCConfigurationList section */
	};
	rootObject = 364BC5A11B5E32FD00EAFCCE /* Project object */;
}
